// !$*UTF8*$!
{
	archiveVersion = 1;
	classes = {
	};
	objectVersion = 46;
	objects = {

/* Begin PBXBuildFile section */
		0AC56EECE693106A7BF07F31 /* libPods-MGLoveFreshBeen.a in Frameworks */ = {isa = PBXBuildFile; fileRef = 5C1D56701D76C2B738A1E4C1 /* libPods-MGLoveFreshBeen.a */; };
		3A64A1C91D34D4D200288490 /* main.m in Sources */ = {isa = PBXBuildFile; fileRef = 3A64A1C81D34D4D200288490 /* main.m */; };
		3A64A1D51D34D4D200288490 /* MGLoveFreshBeen.xcdatamodeld in Sources */ = {isa = PBXBuildFile; fileRef = 3A64A1D31D34D4D200288490 /* MGLoveFreshBeen.xcdatamodeld */; };
		3A64A1D71D34D4D200288490 /* Assets.xcassets in Resources */ = {isa = PBXBuildFile; fileRef = 3A64A1D61D34D4D200288490 /* Assets.xcassets */; };
		3A64A1DA1D34D4D200288490 /* LaunchScreen.storyboard in Resources */ = {isa = PBXBuildFile; fileRef = 3A64A1D81D34D4D200288490 /* LaunchScreen.storyboard */; };
		3A64A1F91D34D64300288490 /* AppDelegate.m in Sources */ = {isa = PBXBuildFile; fileRef = 3A64A1E81D34D64300288490 /* AppDelegate.m */; settings = {ASSET_TAGS = (); }; };
		3A64A1FA1D34D64300288490 /* FocusURL.plist in Resources */ = {isa = PBXBuildFile; fileRef = 3A64A1F31D34D64300288490 /* FocusURL.plist */; settings = {ASSET_TAGS = (); }; };
		3A64A1FB1D34D64300288490 /* HelpPlist.plist in Resources */ = {isa = PBXBuildFile; fileRef = 3A64A1F41D34D64300288490 /* HelpPlist.plist */; settings = {ASSET_TAGS = (); }; };
		3A64A1FC1D34D64300288490 /* MinePlist.plist in Resources */ = {isa = PBXBuildFile; fileRef = 3A64A1F61D34D64300288490 /* MinePlist.plist */; settings = {ASSET_TAGS = (); }; };
		3A64A2001D34DEC500288490 /* TabBarVC.m in Sources */ = {isa = PBXBuildFile; fileRef = 3A64A1FF1D34DEC500288490 /* TabBarVC.m */; settings = {ASSET_TAGS = (); }; };
		3A64A2031D34E0AE00288490 /* HomeVC.m in Sources */ = {isa = PBXBuildFile; fileRef = 3A64A2021D34E0AE00288490 /* HomeVC.m */; settings = {ASSET_TAGS = (); }; };
		3A64A20E1D34E14000288490 /* SuperMarketVC.m in Sources */ = {isa = PBXBuildFile; fileRef = 3A64A20D1D34E14000288490 /* SuperMarketVC.m */; settings = {ASSET_TAGS = (); }; };
		3A64A2111D34E15400288490 /* ShopCarVC.m in Sources */ = {isa = PBXBuildFile; fileRef = 3A64A2101D34E15400288490 /* ShopCarVC.m */; settings = {ASSET_TAGS = (); }; };
		3A64A2141D34E16C00288490 /* MineVC.m in Sources */ = {isa = PBXBuildFile; fileRef = 3A64A2131D34E16C00288490 /* MineVC.m */; settings = {ASSET_TAGS = (); }; };
		3A64A2171D34E23A00288490 /* NavigationVC.m in Sources */ = {isa = PBXBuildFile; fileRef = 3A64A2161D34E23A00288490 /* NavigationVC.m */; settings = {ASSET_TAGS = (); }; };
		3A64A21A1D34E53200288490 /* MineHeadView.m in Sources */ = {isa = PBXBuildFile; fileRef = 3A64A2191D34E53200288490 /* MineHeadView.m */; settings = {ASSET_TAGS = (); }; };
		3A64A21E1D34EC8C00288490 /* UIView+Extension.m in Sources */ = {isa = PBXBuildFile; fileRef = 3A64A21D1D34EC8C00288490 /* UIView+Extension.m */; settings = {ASSET_TAGS = (); }; };
		3A64A2211D34F5EF00288490 /* SettingVC.m in Sources */ = {isa = PBXBuildFile; fileRef = 3A64A2201D34F5EF00288490 /* SettingVC.m */; settings = {ASSET_TAGS = (); }; };
		3A64A2241D34FF1200288490 /* TableHeadView.m in Sources */ = {isa = PBXBuildFile; fileRef = 3A64A2231D34FF1200288490 /* TableHeadView.m */; settings = {ASSET_TAGS = (); }; };
		3A64A2261D34FF7000288490 /* TableHeadView.xib in Resources */ = {isa = PBXBuildFile; fileRef = 3A64A2251D34FF7000288490 /* TableHeadView.xib */; settings = {ASSET_TAGS = (); }; };
		3A64A2291D3504F700288490 /* MGButton.m in Sources */ = {isa = PBXBuildFile; fileRef = 3A64A2281D3504F700288490 /* MGButton.m */; settings = {ASSET_TAGS = (); }; };
		3A64A2401D350EF100288490 /* MJExtensionConst.m in Sources */ = {isa = PBXBuildFile; fileRef = 3A64A22D1D350EF100288490 /* MJExtensionConst.m */; settings = {ASSET_TAGS = (); }; };
		3A64A2411D350EF100288490 /* MJFoundation.m in Sources */ = {isa = PBXBuildFile; fileRef = 3A64A22F1D350EF100288490 /* MJFoundation.m */; settings = {ASSET_TAGS = (); }; };
		3A64A2421D350EF100288490 /* MJProperty.m in Sources */ = {isa = PBXBuildFile; fileRef = 3A64A2311D350EF100288490 /* MJProperty.m */; settings = {ASSET_TAGS = (); }; };
		3A64A2431D350EF100288490 /* MJPropertyKey.m in Sources */ = {isa = PBXBuildFile; fileRef = 3A64A2331D350EF100288490 /* MJPropertyKey.m */; settings = {ASSET_TAGS = (); }; };
		3A64A2441D350EF100288490 /* MJPropertyType.m in Sources */ = {isa = PBXBuildFile; fileRef = 3A64A2351D350EF100288490 /* MJPropertyType.m */; settings = {ASSET_TAGS = (); }; };
		3A64A2451D350EF100288490 /* NSObject+MJClass.m in Sources */ = {isa = PBXBuildFile; fileRef = 3A64A2371D350EF100288490 /* NSObject+MJClass.m */; settings = {ASSET_TAGS = (); }; };
		3A64A2461D350EF100288490 /* NSObject+MJCoding.m in Sources */ = {isa = PBXBuildFile; fileRef = 3A64A2391D350EF100288490 /* NSObject+MJCoding.m */; settings = {ASSET_TAGS = (); }; };
		3A64A2471D350EF100288490 /* NSObject+MJKeyValue.m in Sources */ = {isa = PBXBuildFile; fileRef = 3A64A23B1D350EF100288490 /* NSObject+MJKeyValue.m */; settings = {ASSET_TAGS = (); }; };
		3A64A2481D350EF100288490 /* NSObject+MJProperty.m in Sources */ = {isa = PBXBuildFile; fileRef = 3A64A23D1D350EF100288490 /* NSObject+MJProperty.m */; settings = {ASSET_TAGS = (); }; };
		3A64A2491D350EF100288490 /* NSString+MJExtension.m in Sources */ = {isa = PBXBuildFile; fileRef = 3A64A23F1D350EF100288490 /* NSString+MJExtension.m */; settings = {ASSET_TAGS = (); }; };
		3AADC9EC1D36018900DDEE87 /* questionCellModel.m in Sources */ = {isa = PBXBuildFile; fileRef = 3AADC9EB1D36018900DDEE87 /* questionCellModel.m */; settings = {ASSET_TAGS = (); }; };
		3AADC9EF1D36025F00DDEE87 /* QuestionCell.m in Sources */ = {isa = PBXBuildFile; fileRef = 3AADC9EE1D36025F00DDEE87 /* QuestionCell.m */; settings = {ASSET_TAGS = (); }; };
		3AADC9F21D361DCA00DDEE87 /* QuestionSectionHeader.m in Sources */ = {isa = PBXBuildFile; fileRef = 3AADC9F11D361DCA00DDEE87 /* QuestionSectionHeader.m */; settings = {ASSET_TAGS = (); }; };
		3AADC9F51D36A19200DDEE87 /* MessageVC.m in Sources */ = {isa = PBXBuildFile; fileRef = 3AADC9F41D36A19200DDEE87 /* MessageVC.m */; settings = {ASSET_TAGS = (); }; };
		3AADC9F81D36A80300DDEE87 /* MessageModel.m in Sources */ = {isa = PBXBuildFile; fileRef = 3AADC9F71D36A80300DDEE87 /* MessageModel.m */; settings = {ASSET_TAGS = (); }; };
		3AED5D471D35306E0045CF64 /* AboutMeVC.m in Sources */ = {isa = PBXBuildFile; fileRef = 3AED5D451D35306E0045CF64 /* AboutMeVC.m */; settings = {ASSET_TAGS = (); }; };
		3AED5D4B1D3531300045CF64 /* 12.png in Resources */ = {isa = PBXBuildFile; fileRef = 3AED5D4A1D3531300045CF64 /* 12.png */; settings = {ASSET_TAGS = (); }; };
		3AED5D4D1D353AFF0045CF64 /* AboutMeVC.xib in Resources */ = {isa = PBXBuildFile; fileRef = 3AED5D4C1D353AFF0045CF64 /* AboutMeVC.xib */; settings = {ASSET_TAGS = (); }; };
		3AED5D501D3541E70045CF64 /* OrderVC.m in Sources */ = {isa = PBXBuildFile; fileRef = 3AED5D4F1D3541E70045CF64 /* OrderVC.m */; settings = {ASSET_TAGS = (); }; };
		3AED5D541D3542520045CF64 /* OrderCell.m in Sources */ = {isa = PBXBuildFile; fileRef = 3AED5D521D3542520045CF64 /* OrderCell.m */; settings = {ASSET_TAGS = (); }; };
		3AED5D551D3542520045CF64 /* OrderCell.xib in Resources */ = {isa = PBXBuildFile; fileRef = 3AED5D531D3542520045CF64 /* OrderCell.xib */; settings = {ASSET_TAGS = (); }; };
		3AED5D641D354AF50045CF64 /* 促销 in Resources */ = {isa = PBXBuildFile; fileRef = 3AED5D561D354AF50045CF64 /* 促销 */; settings = {ASSET_TAGS = (); }; };
		3AED5D651D354AF50045CF64 /* 首页焦点按钮 in Resources */ = {isa = PBXBuildFile; fileRef = 3AED5D571D354AF50045CF64 /* 首页焦点按钮 */; settings = {ASSET_TAGS = (); }; };
		3AED5D661D354AF50045CF64 /* 首页新鲜热卖 in Resources */ = {isa = PBXBuildFile; fileRef = 3AED5D581D354AF50045CF64 /* 首页新鲜热卖 */; settings = {ASSET_TAGS = (); }; };
		3AED5D671D354AF50045CF64 /* 系统消息 in Resources */ = {isa = PBXBuildFile; fileRef = 3AED5D591D354AF50045CF64 /* 系统消息 */; settings = {ASSET_TAGS = (); }; };
		3AED5D681D354AF50045CF64 /* AD in Resources */ = {isa = PBXBuildFile; fileRef = 3AED5D5A1D354AF50045CF64 /* AD */; settings = {ASSET_TAGS = (); }; };
		3AED5D691D354AF50045CF64 /* Mine in Resources */ = {isa = PBXBuildFile; fileRef = 3AED5D5B1D354AF50045CF64 /* Mine */; settings = {ASSET_TAGS = (); }; };
		3AED5D6A1D354AF50045CF64 /* MyAdress in Resources */ = {isa = PBXBuildFile; fileRef = 3AED5D5C1D354AF50045CF64 /* MyAdress */; settings = {ASSET_TAGS = (); }; };
		3AED5D6B1D354AF50045CF64 /* MyCoupon in Resources */ = {isa = PBXBuildFile; fileRef = 3AED5D5D1D354AF50045CF64 /* MyCoupon */; settings = {ASSET_TAGS = (); }; };
		3AED5D6C1D354AF50045CF64 /* MyOrders in Resources */ = {isa = PBXBuildFile; fileRef = 3AED5D5E1D354AF50045CF64 /* MyOrders */; settings = {ASSET_TAGS = (); }; };
		3AED5D6D1D354AF50045CF64 /* Search in Resources */ = {isa = PBXBuildFile; fileRef = 3AED5D5F1D354AF50045CF64 /* Search */; settings = {ASSET_TAGS = (); }; };
		3AED5D6E1D354AF50045CF64 /* SearchProduct in Resources */ = {isa = PBXBuildFile; fileRef = 3AED5D601D354AF50045CF64 /* SearchProduct */; settings = {ASSET_TAGS = (); }; };
		3AED5D6F1D354AF50045CF64 /* supermarket in Resources */ = {isa = PBXBuildFile; fileRef = 3AED5D611D354AF50045CF64 /* supermarket */; settings = {ASSET_TAGS = (); }; };
		3AED5D701D354AF50045CF64 /* SystemMessage in Resources */ = {isa = PBXBuildFile; fileRef = 3AED5D621D354AF50045CF64 /* SystemMessage */; settings = {ASSET_TAGS = (); }; };
		3AED5D711D354AF50045CF64 /* UserMessage in Resources */ = {isa = PBXBuildFile; fileRef = 3AED5D631D354AF50045CF64 /* UserMessage */; settings = {ASSET_TAGS = (); }; };
		3AED5D741D354BCD0045CF64 /* OrderCellModel.m in Sources */ = {isa = PBXBuildFile; fileRef = 3AED5D731D354BCD0045CF64 /* OrderCellModel.m */; settings = {ASSET_TAGS = (); }; };
		3AED5D771D3565F90045CF64 /* ming1.jpg in Resources */ = {isa = PBXBuildFile; fileRef = 3AED5D751D3565F90045CF64 /* ming1.jpg */; settings = {ASSET_TAGS = (); }; };
		3AED5D781D3565F90045CF64 /* ming3.jpg in Resources */ = {isa = PBXBuildFile; fileRef = 3AED5D761D3565F90045CF64 /* ming3.jpg */; settings = {ASSET_TAGS = (); }; };
		3AED5D7B1D356C270045CF64 /* ming2.jpg in Resources */ = {isa = PBXBuildFile; fileRef = 3AED5D791D356C270045CF64 /* ming2.jpg */; settings = {ASSET_TAGS = (); }; };
		3AED5D7C1D356C270045CF64 /* ming4.jpg in Resources */ = {isa = PBXBuildFile; fileRef = 3AED5D7A1D356C270045CF64 /* ming4.jpg */; settings = {ASSET_TAGS = (); }; };
		3AED5D7F1D357D9F0045CF64 /* HelpVC.m in Sources */ = {isa = PBXBuildFile; fileRef = 3AED5D7E1D357D9F0045CF64 /* HelpVC.m */; settings = {ASSET_TAGS = (); }; };
		3AED5D821D35802F0045CF64 /* QuestionVC.m in Sources */ = {isa = PBXBuildFile; fileRef = 3AED5D811D35802F0045CF64 /* QuestionVC.m */; settings = {ASSET_TAGS = (); }; };
		3AED5D851D3584E00045CF64 /* IdeaVC.m in Sources */ = {isa = PBXBuildFile; fileRef = 3AED5D841D3584E00045CF64 /* IdeaVC.m */; settings = {ASSET_TAGS = (); }; };
		3AED5D8C1D358A200045CF64 /* LYMTextViewWithLabel.m in Sources */ = {isa = PBXBuildFile; fileRef = 3AED5D8A1D358A200045CF64 /* LYMTextViewWithLabel.m */; settings = {ASSET_TAGS = (); }; };
/* End PBXBuildFile section */

/* Begin PBXFileReference section */
		098776D3953F6391067D4977 /* Pods-MGLoveFreshBeen.debug.xcconfig */ = {isa = PBXFileReference; includeInIndex = 1; lastKnownFileType = text.xcconfig; name = "Pods-MGLoveFreshBeen.debug.xcconfig"; path = "Pods/Target Support Files/Pods-MGLoveFreshBeen/Pods-MGLoveFreshBeen.debug.xcconfig"; sourceTree = "<group>"; };
		3A64A1C41D34D4D200288490 /* MGLoveFreshBeen.app */ = {isa = PBXFileReference; explicitFileType = wrapper.application; includeInIndex = 0; path = MGLoveFreshBeen.app; sourceTree = BUILT_PRODUCTS_DIR; };
		3A64A1C81D34D4D200288490 /* main.m */ = {isa = PBXFileReference; lastKnownFileType = sourcecode.c.objc; path = main.m; sourceTree = "<group>"; };
		3A64A1D41D34D4D200288490 /* MGLoveFreshBeen.xcdatamodel */ = {isa = PBXFileReference; lastKnownFileType = wrapper.xcdatamodel; path = MGLoveFreshBeen.xcdatamodel; sourceTree = "<group>"; };
		3A64A1D61D34D4D200288490 /* Assets.xcassets */ = {isa = PBXFileReference; lastKnownFileType = folder.assetcatalog; path = Assets.xcassets; sourceTree = "<group>"; };
		3A64A1D91D34D4D200288490 /* Base */ = {isa = PBXFileReference; lastKnownFileType = file.storyboard; name = Base; path = Base.lproj/LaunchScreen.storyboard; sourceTree = "<group>"; };
		3A64A1DB1D34D4D200288490 /* Info.plist */ = {isa = PBXFileReference; lastKnownFileType = text.plist.xml; path = Info.plist; sourceTree = "<group>"; };
		3A64A1E71D34D64300288490 /* AppDelegate.h */ = {isa = PBXFileReference; fileEncoding = 4; lastKnownFileType = sourcecode.c.h; path = AppDelegate.h; sourceTree = "<group>"; };
		3A64A1E81D34D64300288490 /* AppDelegate.m */ = {isa = PBXFileReference; fileEncoding = 4; lastKnownFileType = sourcecode.c.objc; path = AppDelegate.m; sourceTree = "<group>"; };
		3A64A1F31D34D64300288490 /* FocusURL.plist */ = {isa = PBXFileReference; fileEncoding = 4; lastKnownFileType = text.plist.xml; path = FocusURL.plist; sourceTree = "<group>"; };
		3A64A1F41D34D64300288490 /* HelpPlist.plist */ = {isa = PBXFileReference; fileEncoding = 4; lastKnownFileType = text.plist.xml; path = HelpPlist.plist; sourceTree = "<group>"; };
		3A64A1F61D34D64300288490 /* MinePlist.plist */ = {isa = PBXFileReference; fileEncoding = 4; lastKnownFileType = text.plist.xml; path = MinePlist.plist; sourceTree = "<group>"; };
		3A64A1FD1D34D78100288490 /* PrefixHeader.pch */ = {isa = PBXFileReference; fileEncoding = 4; lastKnownFileType = sourcecode.c.h; path = PrefixHeader.pch; sourceTree = "<group>"; };
		3A64A1FE1D34DEC500288490 /* TabBarVC.h */ = {isa = PBXFileReference; fileEncoding = 4; lastKnownFileType = sourcecode.c.h; path = TabBarVC.h; sourceTree = "<group>"; };
		3A64A1FF1D34DEC500288490 /* TabBarVC.m */ = {isa = PBXFileReference; fileEncoding = 4; lastKnownFileType = sourcecode.c.objc; path = TabBarVC.m; sourceTree = "<group>"; };
		3A64A2011D34E0AE00288490 /* HomeVC.h */ = {isa = PBXFileReference; fileEncoding = 4; lastKnownFileType = sourcecode.c.h; path = HomeVC.h; sourceTree = "<group>"; };
		3A64A2021D34E0AE00288490 /* HomeVC.m */ = {isa = PBXFileReference; fileEncoding = 4; lastKnownFileType = sourcecode.c.objc; path = HomeVC.m; sourceTree = "<group>"; };
		3A64A20C1D34E14000288490 /* SuperMarketVC.h */ = {isa = PBXFileReference; fileEncoding = 4; lastKnownFileType = sourcecode.c.h; path = SuperMarketVC.h; sourceTree = "<group>"; };
		3A64A20D1D34E14000288490 /* SuperMarketVC.m */ = {isa = PBXFileReference; fileEncoding = 4; lastKnownFileType = sourcecode.c.objc; path = SuperMarketVC.m; sourceTree = "<group>"; };
		3A64A20F1D34E15400288490 /* ShopCarVC.h */ = {isa = PBXFileReference; fileEncoding = 4; lastKnownFileType = sourcecode.c.h; path = ShopCarVC.h; sourceTree = "<group>"; };
		3A64A2101D34E15400288490 /* ShopCarVC.m */ = {isa = PBXFileReference; fileEncoding = 4; lastKnownFileType = sourcecode.c.objc; path = ShopCarVC.m; sourceTree = "<group>"; };
		3A64A2121D34E16C00288490 /* MineVC.h */ = {isa = PBXFileReference; fileEncoding = 4; lastKnownFileType = sourcecode.c.h; path = MineVC.h; sourceTree = "<group>"; };
		3A64A2131D34E16C00288490 /* MineVC.m */ = {isa = PBXFileReference; fileEncoding = 4; lastKnownFileType = sourcecode.c.objc; path = MineVC.m; sourceTree = "<group>"; };
		3A64A2151D34E23A00288490 /* NavigationVC.h */ = {isa = PBXFileReference; fileEncoding = 4; lastKnownFileType = sourcecode.c.h; path = NavigationVC.h; sourceTree = "<group>"; };
		3A64A2161D34E23A00288490 /* NavigationVC.m */ = {isa = PBXFileReference; fileEncoding = 4; lastKnownFileType = sourcecode.c.objc; path = NavigationVC.m; sourceTree = "<group>"; };
		3A64A2181D34E53200288490 /* MineHeadView.h */ = {isa = PBXFileReference; fileEncoding = 4; lastKnownFileType = sourcecode.c.h; path = MineHeadView.h; sourceTree = "<group>"; };
		3A64A2191D34E53200288490 /* MineHeadView.m */ = {isa = PBXFileReference; fileEncoding = 4; lastKnownFileType = sourcecode.c.objc; path = MineHeadView.m; sourceTree = "<group>"; };
		3A64A21C1D34EC8C00288490 /* UIView+Extension.h */ = {isa = PBXFileReference; fileEncoding = 4; lastKnownFileType = sourcecode.c.h; path = "UIView+Extension.h"; sourceTree = "<group>"; };
		3A64A21D1D34EC8C00288490 /* UIView+Extension.m */ = {isa = PBXFileReference; fileEncoding = 4; lastKnownFileType = sourcecode.c.objc; path = "UIView+Extension.m"; sourceTree = "<group>"; };
		3A64A21F1D34F5EF00288490 /* SettingVC.h */ = {isa = PBXFileReference; fileEncoding = 4; lastKnownFileType = sourcecode.c.h; path = SettingVC.h; sourceTree = "<group>"; };
		3A64A2201D34F5EF00288490 /* SettingVC.m */ = {isa = PBXFileReference; fileEncoding = 4; lastKnownFileType = sourcecode.c.objc; path = SettingVC.m; sourceTree = "<group>"; };
		3A64A2221D34FF1200288490 /* TableHeadView.h */ = {isa = PBXFileReference; fileEncoding = 4; lastKnownFileType = sourcecode.c.h; path = TableHeadView.h; sourceTree = "<group>"; };
		3A64A2231D34FF1200288490 /* TableHeadView.m */ = {isa = PBXFileReference; fileEncoding = 4; lastKnownFileType = sourcecode.c.objc; path = TableHeadView.m; sourceTree = "<group>"; };
		3A64A2251D34FF7000288490 /* TableHeadView.xib */ = {isa = PBXFileReference; fileEncoding = 4; lastKnownFileType = file.xib; path = TableHeadView.xib; sourceTree = "<group>"; };
		3A64A2271D3504F700288490 /* MGButton.h */ = {isa = PBXFileReference; fileEncoding = 4; lastKnownFileType = sourcecode.c.h; path = MGButton.h; sourceTree = "<group>"; };
		3A64A2281D3504F700288490 /* MGButton.m */ = {isa = PBXFileReference; fileEncoding = 4; lastKnownFileType = sourcecode.c.objc; path = MGButton.m; sourceTree = "<group>"; };
		3A64A22B1D350EF100288490 /* MJExtension.h */ = {isa = PBXFileReference; fileEncoding = 4; lastKnownFileType = sourcecode.c.h; path = MJExtension.h; sourceTree = "<group>"; };
		3A64A22C1D350EF100288490 /* MJExtensionConst.h */ = {isa = PBXFileReference; fileEncoding = 4; lastKnownFileType = sourcecode.c.h; path = MJExtensionConst.h; sourceTree = "<group>"; };
		3A64A22D1D350EF100288490 /* MJExtensionConst.m */ = {isa = PBXFileReference; fileEncoding = 4; lastKnownFileType = sourcecode.c.objc; path = MJExtensionConst.m; sourceTree = "<group>"; };
		3A64A22E1D350EF100288490 /* MJFoundation.h */ = {isa = PBXFileReference; fileEncoding = 4; lastKnownFileType = sourcecode.c.h; path = MJFoundation.h; sourceTree = "<group>"; };
		3A64A22F1D350EF100288490 /* MJFoundation.m */ = {isa = PBXFileReference; fileEncoding = 4; lastKnownFileType = sourcecode.c.objc; path = MJFoundation.m; sourceTree = "<group>"; };
		3A64A2301D350EF100288490 /* MJProperty.h */ = {isa = PBXFileReference; fileEncoding = 4; lastKnownFileType = sourcecode.c.h; path = MJProperty.h; sourceTree = "<group>"; };
		3A64A2311D350EF100288490 /* MJProperty.m */ = {isa = PBXFileReference; fileEncoding = 4; lastKnownFileType = sourcecode.c.objc; path = MJProperty.m; sourceTree = "<group>"; };
		3A64A2321D350EF100288490 /* MJPropertyKey.h */ = {isa = PBXFileReference; fileEncoding = 4; lastKnownFileType = sourcecode.c.h; path = MJPropertyKey.h; sourceTree = "<group>"; };
		3A64A2331D350EF100288490 /* MJPropertyKey.m */ = {isa = PBXFileReference; fileEncoding = 4; lastKnownFileType = sourcecode.c.objc; path = MJPropertyKey.m; sourceTree = "<group>"; };
		3A64A2341D350EF100288490 /* MJPropertyType.h */ = {isa = PBXFileReference; fileEncoding = 4; lastKnownFileType = sourcecode.c.h; path = MJPropertyType.h; sourceTree = "<group>"; };
		3A64A2351D350EF100288490 /* MJPropertyType.m */ = {isa = PBXFileReference; fileEncoding = 4; lastKnownFileType = sourcecode.c.objc; path = MJPropertyType.m; sourceTree = "<group>"; };
		3A64A2361D350EF100288490 /* NSObject+MJClass.h */ = {isa = PBXFileReference; fileEncoding = 4; lastKnownFileType = sourcecode.c.h; path = "NSObject+MJClass.h"; sourceTree = "<group>"; };
		3A64A2371D350EF100288490 /* NSObject+MJClass.m */ = {isa = PBXFileReference; fileEncoding = 4; lastKnownFileType = sourcecode.c.objc; path = "NSObject+MJClass.m"; sourceTree = "<group>"; };
		3A64A2381D350EF100288490 /* NSObject+MJCoding.h */ = {isa = PBXFileReference; fileEncoding = 4; lastKnownFileType = sourcecode.c.h; path = "NSObject+MJCoding.h"; sourceTree = "<group>"; };
		3A64A2391D350EF100288490 /* NSObject+MJCoding.m */ = {isa = PBXFileReference; fileEncoding = 4; lastKnownFileType = sourcecode.c.objc; path = "NSObject+MJCoding.m"; sourceTree = "<group>"; };
		3A64A23A1D350EF100288490 /* NSObject+MJKeyValue.h */ = {isa = PBXFileReference; fileEncoding = 4; lastKnownFileType = sourcecode.c.h; path = "NSObject+MJKeyValue.h"; sourceTree = "<group>"; };
		3A64A23B1D350EF100288490 /* NSObject+MJKeyValue.m */ = {isa = PBXFileReference; fileEncoding = 4; lastKnownFileType = sourcecode.c.objc; path = "NSObject+MJKeyValue.m"; sourceTree = "<group>"; };
		3A64A23C1D350EF100288490 /* NSObject+MJProperty.h */ = {isa = PBXFileReference; fileEncoding = 4; lastKnownFileType = sourcecode.c.h; path = "NSObject+MJProperty.h"; sourceTree = "<group>"; };
		3A64A23D1D350EF100288490 /* NSObject+MJProperty.m */ = {isa = PBXFileReference; fileEncoding = 4; lastKnownFileType = sourcecode.c.objc; path = "NSObject+MJProperty.m"; sourceTree = "<group>"; };
		3A64A23E1D350EF100288490 /* NSString+MJExtension.h */ = {isa = PBXFileReference; fileEncoding = 4; lastKnownFileType = sourcecode.c.h; path = "NSString+MJExtension.h"; sourceTree = "<group>"; };
		3A64A23F1D350EF100288490 /* NSString+MJExtension.m */ = {isa = PBXFileReference; fileEncoding = 4; lastKnownFileType = sourcecode.c.objc; path = "NSString+MJExtension.m"; sourceTree = "<group>"; };
		3AADC9EA1D36018900DDEE87 /* questionCellModel.h */ = {isa = PBXFileReference; fileEncoding = 4; lastKnownFileType = sourcecode.c.h; path = questionCellModel.h; sourceTree = "<group>"; };
		3AADC9EB1D36018900DDEE87 /* questionCellModel.m */ = {isa = PBXFileReference; fileEncoding = 4; lastKnownFileType = sourcecode.c.objc; path = questionCellModel.m; sourceTree = "<group>"; };
		3AADC9ED1D36025F00DDEE87 /* QuestionCell.h */ = {isa = PBXFileReference; fileEncoding = 4; lastKnownFileType = sourcecode.c.h; path = QuestionCell.h; sourceTree = "<group>"; };
		3AADC9EE1D36025F00DDEE87 /* QuestionCell.m */ = {isa = PBXFileReference; fileEncoding = 4; lastKnownFileType = sourcecode.c.objc; path = QuestionCell.m; sourceTree = "<group>"; };
		3AADC9F01D361DCA00DDEE87 /* QuestionSectionHeader.h */ = {isa = PBXFileReference; fileEncoding = 4; lastKnownFileType = sourcecode.c.h; path = QuestionSectionHeader.h; sourceTree = "<group>"; };
		3AADC9F11D361DCA00DDEE87 /* QuestionSectionHeader.m */ = {isa = PBXFileReference; fileEncoding = 4; lastKnownFileType = sourcecode.c.objc; path = QuestionSectionHeader.m; sourceTree = "<group>"; };
		3AADC9F31D36A19200DDEE87 /* MessageVC.h */ = {isa = PBXFileReference; fileEncoding = 4; lastKnownFileType = sourcecode.c.h; path = MessageVC.h; sourceTree = "<group>"; };
		3AADC9F41D36A19200DDEE87 /* MessageVC.m */ = {isa = PBXFileReference; fileEncoding = 4; lastKnownFileType = sourcecode.c.objc; path = MessageVC.m; sourceTree = "<group>"; };
		3AADC9F61D36A80300DDEE87 /* MessageModel.h */ = {isa = PBXFileReference; fileEncoding = 4; lastKnownFileType = sourcecode.c.h; path = MessageModel.h; sourceTree = "<group>"; };
		3AADC9F71D36A80300DDEE87 /* MessageModel.m */ = {isa = PBXFileReference; fileEncoding = 4; lastKnownFileType = sourcecode.c.objc; path = MessageModel.m; sourceTree = "<group>"; };
		3AED5D441D35306E0045CF64 /* AboutMeVC.h */ = {isa = PBXFileReference; fileEncoding = 4; lastKnownFileType = sourcecode.c.h; path = AboutMeVC.h; sourceTree = "<group>"; };
		3AED5D451D35306E0045CF64 /* AboutMeVC.m */ = {isa = PBXFileReference; fileEncoding = 4; lastKnownFileType = sourcecode.c.objc; path = AboutMeVC.m; sourceTree = "<group>"; };
		3AED5D4A1D3531300045CF64 /* 12.png */ = {isa = PBXFileReference; lastKnownFileType = image.png; path = 12.png; sourceTree = "<group>"; };
		3AED5D4C1D353AFF0045CF64 /* AboutMeVC.xib */ = {isa = PBXFileReference; fileEncoding = 4; lastKnownFileType = file.xib; path = AboutMeVC.xib; sourceTree = "<group>"; };
		3AED5D4E1D3541E70045CF64 /* OrderVC.h */ = {isa = PBXFileReference; fileEncoding = 4; lastKnownFileType = sourcecode.c.h; path = OrderVC.h; sourceTree = "<group>"; };
		3AED5D4F1D3541E70045CF64 /* OrderVC.m */ = {isa = PBXFileReference; fileEncoding = 4; lastKnownFileType = sourcecode.c.objc; path = OrderVC.m; sourceTree = "<group>"; };
		3AED5D511D3542520045CF64 /* OrderCell.h */ = {isa = PBXFileReference; fileEncoding = 4; lastKnownFileType = sourcecode.c.h; path = OrderCell.h; sourceTree = "<group>"; };
		3AED5D521D3542520045CF64 /* OrderCell.m */ = {isa = PBXFileReference; fileEncoding = 4; lastKnownFileType = sourcecode.c.objc; path = OrderCell.m; sourceTree = "<group>"; };
		3AED5D531D3542520045CF64 /* OrderCell.xib */ = {isa = PBXFileReference; fileEncoding = 4; lastKnownFileType = file.xib; path = OrderCell.xib; sourceTree = "<group>"; };
		3AED5D561D354AF50045CF64 /* 促销 */ = {isa = PBXFileReference; fileEncoding = 4; lastKnownFileType = text; path = "促销"; sourceTree = "<group>"; };
		3AED5D571D354AF50045CF64 /* 首页焦点按钮 */ = {isa = PBXFileReference; fileEncoding = 4; lastKnownFileType = text; path = "首页焦点按钮"; sourceTree = "<group>"; };
		3AED5D581D354AF50045CF64 /* 首页新鲜热卖 */ = {isa = PBXFileReference; fileEncoding = 4; lastKnownFileType = text; path = "首页新鲜热卖"; sourceTree = "<group>"; };
		3AED5D591D354AF50045CF64 /* 系统消息 */ = {isa = PBXFileReference; fileEncoding = 4; lastKnownFileType = text; path = "系统消息"; sourceTree = "<group>"; };
		3AED5D5A1D354AF50045CF64 /* AD */ = {isa = PBXFileReference; fileEncoding = 4; lastKnownFileType = text; path = AD; sourceTree = "<group>"; };
		3AED5D5B1D354AF50045CF64 /* Mine */ = {isa = PBXFileReference; fileEncoding = 4; lastKnownFileType = text; path = Mine; sourceTree = "<group>"; };
		3AED5D5C1D354AF50045CF64 /* MyAdress */ = {isa = PBXFileReference; fileEncoding = 4; lastKnownFileType = text; path = MyAdress; sourceTree = "<group>"; };
		3AED5D5D1D354AF50045CF64 /* MyCoupon */ = {isa = PBXFileReference; fileEncoding = 4; lastKnownFileType = text; path = MyCoupon; sourceTree = "<group>"; };
		3AED5D5E1D354AF50045CF64 /* MyOrders */ = {isa = PBXFileReference; fileEncoding = 4; lastKnownFileType = text; path = MyOrders; sourceTree = "<group>"; };
		3AED5D5F1D354AF50045CF64 /* Search */ = {isa = PBXFileReference; fileEncoding = 4; lastKnownFileType = text; path = Search; sourceTree = "<group>"; };
		3AED5D601D354AF50045CF64 /* SearchProduct */ = {isa = PBXFileReference; fileEncoding = 4; lastKnownFileType = text; path = SearchProduct; sourceTree = "<group>"; };
		3AED5D611D354AF50045CF64 /* supermarket */ = {isa = PBXFileReference; fileEncoding = 4; lastKnownFileType = text; path = supermarket; sourceTree = "<group>"; };
		3AED5D621D354AF50045CF64 /* SystemMessage */ = {isa = PBXFileReference; fileEncoding = 4; lastKnownFileType = text; path = SystemMessage; sourceTree = "<group>"; };
		3AED5D631D354AF50045CF64 /* UserMessage */ = {isa = PBXFileReference; fileEncoding = 4; lastKnownFileType = text; path = UserMessage; sourceTree = "<group>"; };
		3AED5D721D354BCD0045CF64 /* OrderCellModel.h */ = {isa = PBXFileReference; fileEncoding = 4; lastKnownFileType = sourcecode.c.h; path = OrderCellModel.h; sourceTree = "<group>"; };
		3AED5D731D354BCD0045CF64 /* OrderCellModel.m */ = {isa = PBXFileReference; fileEncoding = 4; lastKnownFileType = sourcecode.c.objc; path = OrderCellModel.m; sourceTree = "<group>"; };
		3AED5D751D3565F90045CF64 /* ming1.jpg */ = {isa = PBXFileReference; lastKnownFileType = image.jpeg; path = ming1.jpg; sourceTree = "<group>"; };
		3AED5D761D3565F90045CF64 /* ming3.jpg */ = {isa = PBXFileReference; lastKnownFileType = image.jpeg; path = ming3.jpg; sourceTree = "<group>"; };
		3AED5D791D356C270045CF64 /* ming2.jpg */ = {isa = PBXFileReference; lastKnownFileType = image.jpeg; path = ming2.jpg; sourceTree = "<group>"; };
		3AED5D7A1D356C270045CF64 /* ming4.jpg */ = {isa = PBXFileReference; lastKnownFileType = image.jpeg; path = ming4.jpg; sourceTree = "<group>"; };
		3AED5D7D1D357D9F0045CF64 /* HelpVC.h */ = {isa = PBXFileReference; fileEncoding = 4; lastKnownFileType = sourcecode.c.h; path = HelpVC.h; sourceTree = "<group>"; };
		3AED5D7E1D357D9F0045CF64 /* HelpVC.m */ = {isa = PBXFileReference; fileEncoding = 4; lastKnownFileType = sourcecode.c.objc; path = HelpVC.m; sourceTree = "<group>"; };
		3AED5D801D35802F0045CF64 /* QuestionVC.h */ = {isa = PBXFileReference; fileEncoding = 4; lastKnownFileType = sourcecode.c.h; path = QuestionVC.h; sourceTree = "<group>"; };
		3AED5D811D35802F0045CF64 /* QuestionVC.m */ = {isa = PBXFileReference; fileEncoding = 4; lastKnownFileType = sourcecode.c.objc; path = QuestionVC.m; sourceTree = "<group>"; };
		3AED5D831D3584E00045CF64 /* IdeaVC.h */ = {isa = PBXFileReference; fileEncoding = 4; lastKnownFileType = sourcecode.c.h; path = IdeaVC.h; sourceTree = "<group>"; };
		3AED5D841D3584E00045CF64 /* IdeaVC.m */ = {isa = PBXFileReference; fileEncoding = 4; lastKnownFileType = sourcecode.c.objc; path = IdeaVC.m; sourceTree = "<group>"; };
		3AED5D891D358A200045CF64 /* LYMTextViewWithLabel.h */ = {isa = PBXFileReference; fileEncoding = 4; lastKnownFileType = sourcecode.c.h; path = LYMTextViewWithLabel.h; sourceTree = "<group>"; };
		3AED5D8A1D358A200045CF64 /* LYMTextViewWithLabel.m */ = {isa = PBXFileReference; fileEncoding = 4; lastKnownFileType = sourcecode.c.objc; path = LYMTextViewWithLabel.m; sourceTree = "<group>"; };
		5C1D56701D76C2B738A1E4C1 /* libPods-MGLoveFreshBeen.a */ = {isa = PBXFileReference; explicitFileType = archive.ar; includeInIndex = 0; path = "libPods-MGLoveFreshBeen.a"; sourceTree = BUILT_PRODUCTS_DIR; };
		C258C531C65765C7BF233187 /* Pods-MGLoveFreshBeen.release.xcconfig */ = {isa = PBXFileReference; includeInIndex = 1; lastKnownFileType = text.xcconfig; name = "Pods-MGLoveFreshBeen.release.xcconfig"; path = "Pods/Target Support Files/Pods-MGLoveFreshBeen/Pods-MGLoveFreshBeen.release.xcconfig"; sourceTree = "<group>"; };
/* End PBXFileReference section */

/* Begin PBXFrameworksBuildPhase section */
		3A64A1C11D34D4D200288490 /* Frameworks */ = {
			isa = PBXFrameworksBuildPhase;
			buildActionMask = 2147483647;
			files = (
				0AC56EECE693106A7BF07F31 /* libPods-MGLoveFreshBeen.a in Frameworks */,
			);
			runOnlyForDeploymentPostprocessing = 0;
		};
/* End PBXFrameworksBuildPhase section */

/* Begin PBXGroup section */
		3A64A1BB1D34D4D100288490 = {
			isa = PBXGroup;
			children = (
				3A64A1C61D34D4D200288490 /* MGLoveFreshBeen */,
				3A64A1C51D34D4D200288490 /* Products */,
				C27DD96DC0ECAE61F62BED49 /* Pods */,
				AE889D3491237DC59BD043D8 /* Frameworks */,
			);
			sourceTree = "<group>";
		};
		3A64A1C51D34D4D200288490 /* Products */ = {
			isa = PBXGroup;
			children = (
				3A64A1C41D34D4D200288490 /* MGLoveFreshBeen.app */,
			);
			name = Products;
			sourceTree = "<group>";
		};
		3A64A1C61D34D4D200288490 /* MGLoveFreshBeen */ = {
			isa = PBXGroup;
			children = (
				3A64A1E11D34D64300288490 /* Class */,
				3A64A1D61D34D4D200288490 /* Assets.xcassets */,
				3A64A1C71D34D4D200288490 /* Supporting Files */,
			);
			path = MGLoveFreshBeen;
			sourceTree = "<group>";
		};
		3A64A1C71D34D4D200288490 /* Supporting Files */ = {
			isa = PBXGroup;
			children = (
				3A64A1D81D34D4D200288490 /* LaunchScreen.storyboard */,
				3A64A1DB1D34D4D200288490 /* Info.plist */,
				3A64A1D31D34D4D200288490 /* MGLoveFreshBeen.xcdatamodeld */,
				3A64A1C81D34D4D200288490 /* main.m */,
				3A64A1FD1D34D78100288490 /* PrefixHeader.pch */,
			);
			name = "Supporting Files";
			sourceTree = "<group>";
		};
		3A64A1E11D34D64300288490 /* Class */ = {
			isa = PBXGroup;
			children = (
				3A64A1E61D34D64300288490 /* Main */,
				3A64A1E21D34D64300288490 /* Home */,
				3A64A2081D34E11E00288490 /* SuperMarket */,
				3A64A2041D34E11E00288490 /* ShopCar */,
				3A64A1E91D34D64300288490 /* Mine */,
				3A64A1ED1D34D64300288490 /* Other */,
				3A64A1F11D34D64300288490 /* Resource */,
				3A64A1F81D34D64300288490 /* Tools */,
			);
			path = Class;
			sourceTree = "<group>";
		};
		3A64A1E21D34D64300288490 /* Home */ = {
			isa = PBXGroup;
			children = (
				3A64A1E31D34D64300288490 /* C */,
				3A64A1E41D34D64300288490 /* M */,
				3A64A1E51D34D64300288490 /* V */,
			);
			path = Home;
			sourceTree = "<group>";
		};
		3A64A1E31D34D64300288490 /* C */ = {
			isa = PBXGroup;
			children = (
				3A64A2011D34E0AE00288490 /* HomeVC.h */,
				3A64A2021D34E0AE00288490 /* HomeVC.m */,
			);
			path = C;
			sourceTree = "<group>";
		};
		3A64A1E41D34D64300288490 /* M */ = {
			isa = PBXGroup;
			children = (
			);
			path = M;
			sourceTree = "<group>";
		};
		3A64A1E51D34D64300288490 /* V */ = {
			isa = PBXGroup;
			children = (
			);
			path = V;
			sourceTree = "<group>";
		};
		3A64A1E61D34D64300288490 /* Main */ = {
			isa = PBXGroup;
			children = (
				3A64A1E71D34D64300288490 /* AppDelegate.h */,
				3A64A1E81D34D64300288490 /* AppDelegate.m */,
				3A64A1FE1D34DEC500288490 /* TabBarVC.h */,
				3A64A1FF1D34DEC500288490 /* TabBarVC.m */,
				3A64A2151D34E23A00288490 /* NavigationVC.h */,
				3A64A2161D34E23A00288490 /* NavigationVC.m */,
			);
			path = Main;
			sourceTree = "<group>";
		};
		3A64A1E91D34D64300288490 /* Mine */ = {
			isa = PBXGroup;
			children = (
				3A64A1EA1D34D64300288490 /* C */,
				3A64A1EB1D34D64300288490 /* M */,
				3A64A1EC1D34D64300288490 /* V */,
			);
			path = Mine;
			sourceTree = "<group>";
		};
		3A64A1EA1D34D64300288490 /* C */ = {
			isa = PBXGroup;
			children = (
				3A64A2121D34E16C00288490 /* MineVC.h */,
				3A64A2131D34E16C00288490 /* MineVC.m */,
				3A64A21F1D34F5EF00288490 /* SettingVC.h */,
				3A64A2201D34F5EF00288490 /* SettingVC.m */,
				3AED5D441D35306E0045CF64 /* AboutMeVC.h */,
				3AED5D451D35306E0045CF64 /* AboutMeVC.m */,
				3AED5D4C1D353AFF0045CF64 /* AboutMeVC.xib */,
				3AED5D4E1D3541E70045CF64 /* OrderVC.h */,
				3AED5D4F1D3541E70045CF64 /* OrderVC.m */,
				3AED5D7D1D357D9F0045CF64 /* HelpVC.h */,
				3AED5D7E1D357D9F0045CF64 /* HelpVC.m */,
				3AED5D801D35802F0045CF64 /* QuestionVC.h */,
				3AED5D811D35802F0045CF64 /* QuestionVC.m */,
				3AED5D831D3584E00045CF64 /* IdeaVC.h */,
				3AED5D841D3584E00045CF64 /* IdeaVC.m */,
				3AADC9F31D36A19200DDEE87 /* MessageVC.h */,
				3AADC9F41D36A19200DDEE87 /* MessageVC.m */,
			);
			path = C;
			sourceTree = "<group>";
		};
		3A64A1EB1D34D64300288490 /* M */ = {
			isa = PBXGroup;
			children = (
				3AED5D721D354BCD0045CF64 /* OrderCellModel.h */,
				3AED5D731D354BCD0045CF64 /* OrderCellModel.m */,
				3AADC9EA1D36018900DDEE87 /* questionCellModel.h */,
				3AADC9EB1D36018900DDEE87 /* questionCellModel.m */,
				3AADC9F61D36A80300DDEE87 /* MessageModel.h */,
				3AADC9F71D36A80300DDEE87 /* MessageModel.m */,
			);
			path = M;
			sourceTree = "<group>";
		};
		3A64A1EC1D34D64300288490 /* V */ = {
			isa = PBXGroup;
			children = (
				3A64A2181D34E53200288490 /* MineHeadView.h */,
				3A64A2191D34E53200288490 /* MineHeadView.m */,
				3A64A2221D34FF1200288490 /* TableHeadView.h */,
				3A64A2231D34FF1200288490 /* TableHeadView.m */,
				3A64A2251D34FF7000288490 /* TableHeadView.xib */,
				3A64A2271D3504F700288490 /* MGButton.h */,
				3A64A2281D3504F700288490 /* MGButton.m */,
				3AED5D511D3542520045CF64 /* OrderCell.h */,
				3AED5D521D3542520045CF64 /* OrderCell.m */,
				3AED5D531D3542520045CF64 /* OrderCell.xib */,
				3AADC9ED1D36025F00DDEE87 /* QuestionCell.h */,
				3AADC9EE1D36025F00DDEE87 /* QuestionCell.m */,
				3AADC9F01D361DCA00DDEE87 /* QuestionSectionHeader.h */,
				3AADC9F11D361DCA00DDEE87 /* QuestionSectionHeader.m */,
			);
			path = V;
			sourceTree = "<group>";
		};
		3A64A1ED1D34D64300288490 /* Other */ = {
			isa = PBXGroup;
			children = (
				3AED5D861D358A1F0045CF64 /* UITextView(附加placeholder功能) */,
				3A64A22A1D350EF100288490 /* MJExtension */,
				3A64A21B1D34EC8C00288490 /* UIView--Frame */,
				3A64A1EE1D34D64300288490 /* C */,
				3A64A1EF1D34D64300288490 /* M */,
				3A64A1F01D34D64300288490 /* V */,
			);
			path = Other;
			sourceTree = "<group>";
		};
		3A64A1EE1D34D64300288490 /* C */ = {
			isa = PBXGroup;
			children = (
			);
			path = C;
			sourceTree = "<group>";
		};
		3A64A1EF1D34D64300288490 /* M */ = {
			isa = PBXGroup;
			children = (
			);
			path = M;
			sourceTree = "<group>";
		};
		3A64A1F01D34D64300288490 /* V */ = {
			isa = PBXGroup;
			children = (
			);
			path = V;
			sourceTree = "<group>";
		};
		3A64A1F11D34D64300288490 /* Resource */ = {
			isa = PBXGroup;
			children = (
				3AED5D561D354AF50045CF64 /* 促销 */,
				3AED5D571D354AF50045CF64 /* 首页焦点按钮 */,
				3AED5D581D354AF50045CF64 /* 首页新鲜热卖 */,
				3AED5D591D354AF50045CF64 /* 系统消息 */,
				3AED5D5A1D354AF50045CF64 /* AD */,
				3AED5D5B1D354AF50045CF64 /* Mine */,
				3AED5D5C1D354AF50045CF64 /* MyAdress */,
				3AED5D5D1D354AF50045CF64 /* MyCoupon */,
				3AED5D5E1D354AF50045CF64 /* MyOrders */,
				3AED5D5F1D354AF50045CF64 /* Search */,
				3AED5D601D354AF50045CF64 /* SearchProduct */,
				3AED5D611D354AF50045CF64 /* supermarket */,
				3AED5D621D354AF50045CF64 /* SystemMessage */,
				3AED5D631D354AF50045CF64 /* UserMessage */,
				3AED5D491D3531300045CF64 /* image */,
				3A64A1F31D34D64300288490 /* FocusURL.plist */,
				3A64A1F41D34D64300288490 /* HelpPlist.plist */,
				3A64A1F51D34D64300288490 /* M */,
				3A64A1F61D34D64300288490 /* MinePlist.plist */,
				3A64A1F71D34D64300288490 /* V */,
			);
			path = Resource;
			sourceTree = "<group>";
		};
		3A64A1F51D34D64300288490 /* M */ = {
			isa = PBXGroup;
			children = (
			);
			path = M;
			sourceTree = "<group>";
		};
		3A64A1F71D34D64300288490 /* V */ = {
			isa = PBXGroup;
			children = (
			);
			path = V;
			sourceTree = "<group>";
		};
		3A64A1F81D34D64300288490 /* Tools */ = {
			isa = PBXGroup;
			children = (
			);
			path = Tools;
			sourceTree = "<group>";
		};
		3A64A2041D34E11E00288490 /* ShopCar */ = {
			isa = PBXGroup;
			children = (
				3A64A2051D34E11E00288490 /* C */,
				3A64A2061D34E11E00288490 /* M */,
				3A64A2071D34E11E00288490 /* V */,
			);
			path = ShopCar;
			sourceTree = "<group>";
		};
		3A64A2051D34E11E00288490 /* C */ = {
			isa = PBXGroup;
			children = (
				3A64A20F1D34E15400288490 /* ShopCarVC.h */,
				3A64A2101D34E15400288490 /* ShopCarVC.m */,
			);
			path = C;
			sourceTree = "<group>";
		};
		3A64A2061D34E11E00288490 /* M */ = {
			isa = PBXGroup;
			children = (
			);
			path = M;
			sourceTree = "<group>";
		};
		3A64A2071D34E11E00288490 /* V */ = {
			isa = PBXGroup;
			children = (
			);
			path = V;
			sourceTree = "<group>";
		};
		3A64A2081D34E11E00288490 /* SuperMarket */ = {
			isa = PBXGroup;
			children = (
				3A64A2091D34E11E00288490 /* C */,
				3A64A20A1D34E11E00288490 /* M */,
				3A64A20B1D34E11E00288490 /* V */,
			);
			path = SuperMarket;
			sourceTree = "<group>";
		};
		3A64A2091D34E11E00288490 /* C */ = {
			isa = PBXGroup;
			children = (
				3A64A20C1D34E14000288490 /* SuperMarketVC.h */,
				3A64A20D1D34E14000288490 /* SuperMarketVC.m */,
			);
			path = C;
			sourceTree = "<group>";
		};
		3A64A20A1D34E11E00288490 /* M */ = {
			isa = PBXGroup;
			children = (
			);
			path = M;
			sourceTree = "<group>";
		};
		3A64A20B1D34E11E00288490 /* V */ = {
			isa = PBXGroup;
			children = (
			);
			path = V;
			sourceTree = "<group>";
		};
		3A64A21B1D34EC8C00288490 /* UIView--Frame */ = {
			isa = PBXGroup;
			children = (
				3A64A21C1D34EC8C00288490 /* UIView+Extension.h */,
				3A64A21D1D34EC8C00288490 /* UIView+Extension.m */,
			);
			path = "UIView--Frame";
			sourceTree = "<group>";
		};
		3A64A22A1D350EF100288490 /* MJExtension */ = {
			isa = PBXGroup;
			children = (
				3A64A22B1D350EF100288490 /* MJExtension.h */,
				3A64A22C1D350EF100288490 /* MJExtensionConst.h */,
				3A64A22D1D350EF100288490 /* MJExtensionConst.m */,
				3A64A22E1D350EF100288490 /* MJFoundation.h */,
				3A64A22F1D350EF100288490 /* MJFoundation.m */,
				3A64A2301D350EF100288490 /* MJProperty.h */,
				3A64A2311D350EF100288490 /* MJProperty.m */,
				3A64A2321D350EF100288490 /* MJPropertyKey.h */,
				3A64A2331D350EF100288490 /* MJPropertyKey.m */,
				3A64A2341D350EF100288490 /* MJPropertyType.h */,
				3A64A2351D350EF100288490 /* MJPropertyType.m */,
				3A64A2361D350EF100288490 /* NSObject+MJClass.h */,
				3A64A2371D350EF100288490 /* NSObject+MJClass.m */,
				3A64A2381D350EF100288490 /* NSObject+MJCoding.h */,
				3A64A2391D350EF100288490 /* NSObject+MJCoding.m */,
				3A64A23A1D350EF100288490 /* NSObject+MJKeyValue.h */,
				3A64A23B1D350EF100288490 /* NSObject+MJKeyValue.m */,
				3A64A23C1D350EF100288490 /* NSObject+MJProperty.h */,
				3A64A23D1D350EF100288490 /* NSObject+MJProperty.m */,
				3A64A23E1D350EF100288490 /* NSString+MJExtension.h */,
				3A64A23F1D350EF100288490 /* NSString+MJExtension.m */,
			);
			path = MJExtension;
			sourceTree = "<group>";
		};
		3AED5D491D3531300045CF64 /* image */ = {
			isa = PBXGroup;
			children = (
				3AED5D751D3565F90045CF64 /* ming1.jpg */,
				3AED5D791D356C270045CF64 /* ming2.jpg */,
				3AED5D761D3565F90045CF64 /* ming3.jpg */,
				3AED5D7A1D356C270045CF64 /* ming4.jpg */,
				3AED5D4A1D3531300045CF64 /* 12.png */,
			);
			path = image;
			sourceTree = "<group>";
		};
		3AED5D861D358A1F0045CF64 /* UITextView(附加placeholder功能) */ = {
			isa = PBXGroup;
			children = (
				3AED5D891D358A200045CF64 /* LYMTextViewWithLabel.h */,
				3AED5D8A1D358A200045CF64 /* LYMTextViewWithLabel.m */,
			);
			path = "UITextView(附加placeholder功能)";
			sourceTree = "<group>";
		};
		AE889D3491237DC59BD043D8 /* Frameworks */ = {
			isa = PBXGroup;
			children = (
				5C1D56701D76C2B738A1E4C1 /* libPods-MGLoveFreshBeen.a */,
			);
			name = Frameworks;
			sourceTree = "<group>";
		};
		C27DD96DC0ECAE61F62BED49 /* Pods */ = {
			isa = PBXGroup;
			children = (
				098776D3953F6391067D4977 /* Pods-MGLoveFreshBeen.debug.xcconfig */,
				C258C531C65765C7BF233187 /* Pods-MGLoveFreshBeen.release.xcconfig */,
			);
			name = Pods;
			sourceTree = "<group>";
		};
/* End PBXGroup section */

/* Begin PBXNativeTarget section */
		3A64A1C31D34D4D200288490 /* MGLoveFreshBeen */ = {
			isa = PBXNativeTarget;
			buildConfigurationList = 3A64A1DE1D34D4D200288490 /* Build configuration list for PBXNativeTarget "MGLoveFreshBeen" */;
			buildPhases = (
				0FC8CF054742E7B9E426673D /* Check Pods Manifest.lock */,
				3A64A1C01D34D4D200288490 /* Sources */,
				3A64A1C11D34D4D200288490 /* Frameworks */,
				3A64A1C21D34D4D200288490 /* Resources */,
				190CD1022DB2B30CCA789819 /* Embed Pods Frameworks */,
				FA0A704E746754F578E7B95D /* Copy Pods Resources */,
			);
			buildRules = (
			);
			dependencies = (
			);
			name = MGLoveFreshBeen;
			productName = MGLoveFreshBeen;
			productReference = 3A64A1C41D34D4D200288490 /* MGLoveFreshBeen.app */;
			productType = "com.apple.product-type.application";
		};
/* End PBXNativeTarget section */

/* Begin PBXProject section */
		3A64A1BC1D34D4D100288490 /* Project object */ = {
			isa = PBXProject;
			attributes = {
				LastUpgradeCheck = 0700;
				ORGANIZATIONNAME = ming;
				TargetAttributes = {
					3A64A1C31D34D4D200288490 = {
						CreatedOnToolsVersion = 7.0;
						DevelopmentTeam = H54L47S422;
					};
				};
			};
			buildConfigurationList = 3A64A1BF1D34D4D100288490 /* Build configuration list for PBXProject "MGLoveFreshBeen" */;
			compatibilityVersion = "Xcode 3.2";
			developmentRegion = English;
			hasScannedForEncodings = 0;
			knownRegions = (
				en,
				Base,
			);
			mainGroup = 3A64A1BB1D34D4D100288490;
			productRefGroup = 3A64A1C51D34D4D200288490 /* Products */;
			projectDirPath = "";
			projectRoot = "";
			targets = (
				3A64A1C31D34D4D200288490 /* MGLoveFreshBeen */,
			);
		};
/* End PBXProject section */

/* Begin PBXResourcesBuildPhase section */
		3A64A1C21D34D4D200288490 /* Resources */ = {
			isa = PBXResourcesBuildPhase;
			buildActionMask = 2147483647;
			files = (
				3AED5D6A1D354AF50045CF64 /* MyAdress in Resources */,
				3AED5D6F1D354AF50045CF64 /* supermarket in Resources */,
				3AED5D7C1D356C270045CF64 /* ming4.jpg in Resources */,
				3A64A1FC1D34D64300288490 /* MinePlist.plist in Resources */,
				3AED5D6B1D354AF50045CF64 /* MyCoupon in Resources */,
				3A64A2261D34FF7000288490 /* TableHeadView.xib in Resources */,
				3AED5D6E1D354AF50045CF64 /* SearchProduct in Resources */,
				3AED5D781D3565F90045CF64 /* ming3.jpg in Resources */,
				3AED5D651D354AF50045CF64 /* 首页焦点按钮 in Resources */,
				3AED5D681D354AF50045CF64 /* AD in Resources */,
				3A64A1FB1D34D64300288490 /* HelpPlist.plist in Resources */,
				3AED5D661D354AF50045CF64 /* 首页新鲜热卖 in Resources */,
				3A64A1DA1D34D4D200288490 /* LaunchScreen.storyboard in Resources */,
				3AED5D701D354AF50045CF64 /* SystemMessage in Resources */,
				3AED5D6C1D354AF50045CF64 /* MyOrders in Resources */,
				3AED5D4B1D3531300045CF64 /* 12.png in Resources */,
				3AED5D7B1D356C270045CF64 /* ming2.jpg in Resources */,
				3AED5D641D354AF50045CF64 /* 促销 in Resources */,
				3AED5D711D354AF50045CF64 /* UserMessage in Resources */,
				3A64A1D71D34D4D200288490 /* Assets.xcassets in Resources */,
				3A64A1FA1D34D64300288490 /* FocusURL.plist in Resources */,
				3AED5D6D1D354AF50045CF64 /* Search in Resources */,
				3AED5D4D1D353AFF0045CF64 /* AboutMeVC.xib in Resources */,
				3AED5D771D3565F90045CF64 /* ming1.jpg in Resources */,
				3AED5D671D354AF50045CF64 /* 系统消息 in Resources */,
				3AED5D551D3542520045CF64 /* OrderCell.xib in Resources */,
				3AED5D691D354AF50045CF64 /* Mine in Resources */,
			);
			runOnlyForDeploymentPostprocessing = 0;
		};
/* End PBXResourcesBuildPhase section */

/* Begin PBXShellScriptBuildPhase section */
		0FC8CF054742E7B9E426673D /* Check Pods Manifest.lock */ = {
			isa = PBXShellScriptBuildPhase;
			buildActionMask = 2147483647;
			files = (
			);
			inputPaths = (
			);
			name = "Check Pods Manifest.lock";
			outputPaths = (
			);
			runOnlyForDeploymentPostprocessing = 0;
			shellPath = /bin/sh;
			shellScript = "diff \"${PODS_ROOT}/../Podfile.lock\" \"${PODS_ROOT}/Manifest.lock\" > /dev/null\nif [[ $? != 0 ]] ; then\n    cat << EOM\nerror: The sandbox is not in sync with the Podfile.lock. Run 'pod install' or update your CocoaPods installation.\nEOM\n    exit 1\nfi\n";
			showEnvVarsInLog = 0;
		};
		190CD1022DB2B30CCA789819 /* Embed Pods Frameworks */ = {
			isa = PBXShellScriptBuildPhase;
			buildActionMask = 2147483647;
			files = (
			);
			inputPaths = (
			);
			name = "Embed Pods Frameworks";
			outputPaths = (
			);
			runOnlyForDeploymentPostprocessing = 0;
			shellPath = /bin/sh;
			shellScript = "\"${SRCROOT}/Pods/Target Support Files/Pods-MGLoveFreshBeen/Pods-MGLoveFreshBeen-frameworks.sh\"\n";
			showEnvVarsInLog = 0;
		};
		FA0A704E746754F578E7B95D /* Copy Pods Resources */ = {
			isa = PBXShellScriptBuildPhase;
			buildActionMask = 2147483647;
			files = (
			);
			inputPaths = (
			);
			name = "Copy Pods Resources";
			outputPaths = (
			);
			runOnlyForDeploymentPostprocessing = 0;
			shellPath = /bin/sh;
			shellScript = "\"${SRCROOT}/Pods/Target Support Files/Pods-MGLoveFreshBeen/Pods-MGLoveFreshBeen-resources.sh\"\n";
			showEnvVarsInLog = 0;
		};
/* End PBXShellScriptBuildPhase section */

/* Begin PBXSourcesBuildPhase section */
		3A64A1C01D34D4D200288490 /* Sources */ = {
			isa = PBXSourcesBuildPhase;
			buildActionMask = 2147483647;
			files = (
				3A64A20E1D34E14000288490 /* SuperMarketVC.m in Sources */,
				3A64A2401D350EF100288490 /* MJExtensionConst.m in Sources */,
				3A64A2211D34F5EF00288490 /* SettingVC.m in Sources */,
				3A64A21A1D34E53200288490 /* MineHeadView.m in Sources */,
				3A64A2471D350EF100288490 /* NSObject+MJKeyValue.m in Sources */,
				3A64A21E1D34EC8C00288490 /* UIView+Extension.m in Sources */,
				3AADC9F81D36A80300DDEE87 /* MessageModel.m in Sources */,
				3A64A1D51D34D4D200288490 /* MGLoveFreshBeen.xcdatamodeld in Sources */,
				3A64A2241D34FF1200288490 /* TableHeadView.m in Sources */,
				3AADC9F51D36A19200DDEE87 /* MessageVC.m in Sources */,
				3A64A2491D350EF100288490 /* NSString+MJExtension.m in Sources */,
				3AADC9EF1D36025F00DDEE87 /* QuestionCell.m in Sources */,
				3AED5D541D3542520045CF64 /* OrderCell.m in Sources */,
				3A64A2421D350EF100288490 /* MJProperty.m in Sources */,
				3AED5D851D3584E00045CF64 /* IdeaVC.m in Sources */,
				3A64A2411D350EF100288490 /* MJFoundation.m in Sources */,
				3AED5D741D354BCD0045CF64 /* OrderCellModel.m in Sources */,
				3A64A1C91D34D4D200288490 /* main.m in Sources */,
				3A64A2291D3504F700288490 /* MGButton.m in Sources */,
				3AED5D501D3541E70045CF64 /* OrderVC.m in Sources */,
				3AED5D821D35802F0045CF64 /* QuestionVC.m in Sources */,
				3AED5D471D35306E0045CF64 /* AboutMeVC.m in Sources */,
				3A64A2111D34E15400288490 /* ShopCarVC.m in Sources */,
				3A64A2441D350EF100288490 /* MJPropertyType.m in Sources */,
				3A64A2451D350EF100288490 /* NSObject+MJClass.m in Sources */,
				3A64A2461D350EF100288490 /* NSObject+MJCoding.m in Sources */,
				3A64A2001D34DEC500288490 /* TabBarVC.m in Sources */,
				3AED5D8C1D358A200045CF64 /* LYMTextViewWithLabel.m in Sources */,
				3A64A2431D350EF100288490 /* MJPropertyKey.m in Sources */,
				3AADC9EC1D36018900DDEE87 /* questionCellModel.m in Sources */,
				3A64A2481D350EF100288490 /* NSObject+MJProperty.m in Sources */,
				3AED5D7F1D357D9F0045CF64 /* HelpVC.m in Sources */,
				3AADC9F21D361DCA00DDEE87 /* QuestionSectionHeader.m in Sources */,
				3A64A2141D34E16C00288490 /* MineVC.m in Sources */,
				3A64A2031D34E0AE00288490 /* HomeVC.m in Sources */,
				3A64A1F91D34D64300288490 /* AppDelegate.m in Sources */,
				3A64A2171D34E23A00288490 /* NavigationVC.m in Sources */,
			);
			runOnlyForDeploymentPostprocessing = 0;
		};
/* End PBXSourcesBuildPhase section */

/* Begin PBXVariantGroup section */
		3A64A1D81D34D4D200288490 /* LaunchScreen.storyboard */ = {
			isa = PBXVariantGroup;
			children = (
				3A64A1D91D34D4D200288490 /* Base */,
			);
			name = LaunchScreen.storyboard;
			sourceTree = "<group>";
		};
/* End PBXVariantGroup section */

/* Begin XCBuildConfiguration section */
		3A64A1DC1D34D4D200288490 /* Debug */ = {
			isa = XCBuildConfiguration;
			buildSettings = {
				ALWAYS_SEARCH_USER_PATHS = NO;
				CLANG_CXX_LANGUAGE_STANDARD = "gnu++0x";
				CLANG_CXX_LIBRARY = "libc++";
				CLANG_ENABLE_MODULES = YES;
				CLANG_ENABLE_OBJC_ARC = YES;
				CLANG_WARN_BOOL_CONVERSION = YES;
				CLANG_WARN_CONSTANT_CONVERSION = YES;
				CLANG_WARN_DIRECT_OBJC_ISA_USAGE = YES_ERROR;
				CLANG_WARN_EMPTY_BODY = YES;
				CLANG_WARN_ENUM_CONVERSION = YES;
				CLANG_WARN_INT_CONVERSION = YES;
				CLANG_WARN_OBJC_ROOT_CLASS = YES_ERROR;
				CLANG_WARN_UNREACHABLE_CODE = YES;
				CLANG_WARN__DUPLICATE_METHOD_MATCH = YES;
				"CODE_SIGN_IDENTITY[sdk=iphoneos*]" = "iPhone Developer";
				COPY_PHASE_STRIP = NO;
				DEBUG_INFORMATION_FORMAT = dwarf;
				ENABLE_STRICT_OBJC_MSGSEND = YES;
				ENABLE_TESTABILITY = YES;
				GCC_C_LANGUAGE_STANDARD = gnu99;
				GCC_DYNAMIC_NO_PIC = NO;
				GCC_NO_COMMON_BLOCKS = YES;
				GCC_OPTIMIZATION_LEVEL = 0;
				GCC_PREPROCESSOR_DEFINITIONS = (
					"DEBUG=1",
					"$(inherited)",
				);
				GCC_WARN_64_TO_32_BIT_CONVERSION = YES;
				GCC_WARN_ABOUT_RETURN_TYPE = YES_ERROR;
				GCC_WARN_UNDECLARED_SELECTOR = YES;
				GCC_WARN_UNINITIALIZED_AUTOS = YES_AGGRESSIVE;
				GCC_WARN_UNUSED_FUNCTION = YES;
				GCC_WARN_UNUSED_VARIABLE = YES;
				IPHONEOS_DEPLOYMENT_TARGET = 9.0;
				MTL_ENABLE_DEBUG_INFO = YES;
				ONLY_ACTIVE_ARCH = YES;
				SDKROOT = iphoneos;
			};
			name = Debug;
		};
		3A64A1DD1D34D4D200288490 /* Release */ = {
			isa = XCBuildConfiguration;
			buildSettings = {
				ALWAYS_SEARCH_USER_PATHS = NO;
				CLANG_CXX_LANGUAGE_STANDARD = "gnu++0x";
				CLANG_CXX_LIBRARY = "libc++";
				CLANG_ENABLE_MODULES = YES;
				CLANG_ENABLE_OBJC_ARC = YES;
				CLANG_WARN_BOOL_CONVERSION = YES;
				CLANG_WARN_CONSTANT_CONVERSION = YES;
				CLANG_WARN_DIRECT_OBJC_ISA_USAGE = YES_ERROR;
				CLANG_WARN_EMPTY_BODY = YES;
				CLANG_WARN_ENUM_CONVERSION = YES;
				CLANG_WARN_INT_CONVERSION = YES;
				CLANG_WARN_OBJC_ROOT_CLASS = YES_ERROR;
				CLANG_WARN_UNREACHABLE_CODE = YES;
				CLANG_WARN__DUPLICATE_METHOD_MATCH = YES;
				"CODE_SIGN_IDENTITY[sdk=iphoneos*]" = "iPhone Developer";
				COPY_PHASE_STRIP = NO;
				DEBUG_INFORMATION_FORMAT = "dwarf-with-dsym";
				ENABLE_NS_ASSERTIONS = NO;
				ENABLE_STRICT_OBJC_MSGSEND = YES;
				GCC_C_LANGUAGE_STANDARD = gnu99;
				GCC_NO_COMMON_BLOCKS = YES;
				GCC_WARN_64_TO_32_BIT_CONVERSION = YES;
				GCC_WARN_ABOUT_RETURN_TYPE = YES_ERROR;
				GCC_WARN_UNDECLARED_SELECTOR = YES;
				GCC_WARN_UNINITIALIZED_AUTOS = YES_AGGRESSIVE;
				GCC_WARN_UNUSED_FUNCTION = YES;
				GCC_WARN_UNUSED_VARIABLE = YES;
				IPHONEOS_DEPLOYMENT_TARGET = 9.0;
				MTL_ENABLE_DEBUG_INFO = NO;
				SDKROOT = iphoneos;
				VALIDATE_PRODUCT = YES;
			};
			name = Release;
		};
		3A64A1DF1D34D4D200288490 /* Debug */ = {
			isa = XCBuildConfiguration;
			baseConfigurationReference = 098776D3953F6391067D4977 /* Pods-MGLoveFreshBeen.debug.xcconfig */;
			buildSettings = {
				ASSETCATALOG_COMPILER_APPICON_NAME = AppIcon;
				ASSETCATALOG_COMPILER_LAUNCHIMAGE_NAME = BrandAsset;
				GCC_PREFIX_HEADER = "$(SRCROOT)/MGLoveFreshBeen/PrefixHeader.pch";
				INFOPLIST_FILE = MGLoveFreshBeen/Info.plist;
				IPHONEOS_DEPLOYMENT_TARGET = 8.0;
				LD_RUNPATH_SEARCH_PATHS = "$(inherited) @executable_path/Frameworks";
				PRODUCT_BUNDLE_IDENTIFIER = com.ming.MGLoveFreshBeen;
				PRODUCT_NAME = "$(TARGET_NAME)";
			};
			name = Debug;
		};
		3A64A1E01D34D4D200288490 /* Release */ = {
			isa = XCBuildConfiguration;
			baseConfigurationReference = C258C531C65765C7BF233187 /* Pods-MGLoveFreshBeen.release.xcconfig */;
			buildSettings = {
				ASSETCATALOG_COMPILER_APPICON_NAME = AppIcon;
				ASSETCATALOG_COMPILER_LAUNCHIMAGE_NAME = BrandAsset;
				GCC_PREFIX_HEADER = "$(SRCROOT)/MGLoveFreshBeen/PrefixHeader.pch";
				INFOPLIST_FILE = MGLoveFreshBeen/Info.plist;
				IPHONEOS_DEPLOYMENT_TARGET = 8.0;
				LD_RUNPATH_SEARCH_PATHS = "$(inherited) @executable_path/Frameworks";
				PRODUCT_BUNDLE_IDENTIFIER = com.ming.MGLoveFreshBeen;
				PRODUCT_NAME = "$(TARGET_NAME)";
			};
			name = Release;
		};
/* End XCBuildConfiguration section */

/* Begin XCConfigurationList section */
		3A64A1BF1D34D4D100288490 /* Build configuration list for PBXProject "MGLoveFreshBeen" */ = {
			isa = XCConfigurationList;
			buildConfigurations = (
				3A64A1DC1D34D4D200288490 /* Debug */,
				3A64A1DD1D34D4D200288490 /* Release */,
			);
			defaultConfigurationIsVisible = 0;
			defaultConfigurationName = Release;
		};
		3A64A1DE1D34D4D200288490 /* Build configuration list for PBXNativeTarget "MGLoveFreshBeen" */ = {
			isa = XCConfigurationList;
			buildConfigurations = (
				3A64A1DF1D34D4D200288490 /* Debug */,
				3A64A1E01D34D4D200288490 /* Release */,
			);
			defaultConfigurationIsVisible = 0;
			defaultConfigurationName = Release;
		};
/* End XCConfigurationList section */

/* Begin XCVersionGroup section */
		3A64A1D31D34D4D200288490 /* MGLoveFreshBeen.xcdatamodeld */ = {
			isa = XCVersionGroup;
			children = (
				3A64A1D41D34D4D200288490 /* MGLoveFreshBeen.xcdatamodel */,
			);
			currentVersion = 3A64A1D41D34D4D200288490 /* MGLoveFreshBeen.xcdatamodel */;
			path = MGLoveFreshBeen.xcdatamodeld;
			sourceTree = "<group>";
			versionGroupType = wrapper.xcdatamodel;
		};
/* End XCVersionGroup section */
	};
	rootObject = 3A64A1BC1D34D4D100288490 /* Project object */;
}
